
Microsoft Visual Studio Solution File, Format Version 12.00
# Visual Studio Version 16
VisualStudioVersion = 16.0.31229.75
MinimumVisualStudioVersion = 10.0.40219.1
Project("{8BC9CEB8-8B4A-11D0-8D11-00A0C91BC942}") = "FirstProj", "FirstProj\FirstProj.vcxproj", "{C57C95F8-516F-464D-B80C-7995086F8C36}"
EndProject
Project("{8BC9CEB8-8B4A-11D0-8D11-00A0C91BC942}") = "score", "score\score.vcxproj", "{837B0013-79F1-4DBD-90A1-308D263F3D79}"
EndProject
Project("{8BC9CEB8-8B4A-11D0-8D11-00A0C91BC942}") = "testCurl", "testcode\testcode.vcxproj", "{F61FE809-A220-497A-AE81-8A2BCA3CDD61}"
EndProject
Project("{8BC9CEB8-8B4A-11D0-8D11-00A0C91BC942}") = "FinalProject", "FinalProject\FinalProject.vcxproj", "{42905E05-171D-47D2-989F-9AB6C041E014}"
EndProject
Global
	GlobalSection(SolutionConfigurationPlatforms) = preSolution
		Debug|x64 = Debug|x64
		Debug|x86 = Debug|x86
		Release|x64 = Release|x64
		Release|x86 = Release|x86
	EndGlobalSection
	GlobalSection(ProjectConfigurationPlatforms) = postSolution
		{C57C95F8-516F-464D-B80C-7995086F8C36}.Debug|x64.ActiveCfg = Debug|x64
		{C57C95F8-516F-464D-B80C-7995086F8C36}.Debug|x64.Build.0 = Debug|x64
		{C57C95F8-516F-464D-B80C-7995086F8C36}.Debug|x86.ActiveCfg = Debug|Win32
		{C57C95F8-516F-464D-B80C-7995086F8C36}.Debug|x86.Build.0 = Debug|Win32
		{C57C95F8-516F-464D-B80C-7995086F8C36}.Release|x64.ActiveCfg = Release|x64
		{C57C95F8-516F-464D-B80C-7995086F8C36}.Release|x64.Build.0 = Release|x64
		{C57C95F8-516F-464D-B80C-7995086F8C36}.Release|x86.ActiveCfg = Release|Win32
		{C57C95F8-516F-464D-B80C-7995086F8C36}.Release|x86.Build.0 = Release|Win32
		{837B0013-79F1-4DBD-90A1-308D263F3D79}.Debug|x64.ActiveCfg = Debug|x64
		{837B0013-79F1-4DBD-90A1-308D263F3D79}.Debug|x64.Build.0 = Debug|x64
		{837B0013-79F1-4DBD-90A1-308D263F3D79}.Debug|x86.ActiveCfg = Debug|Win32
		{837B0013-79F1-4DBD-90A1-308D263F3D79}.Debug|x86.Build.0 = Debug|Win32
		{837B0013-79F1-4DBD-90A1-308D263F3D79}.Release|x64.ActiveCfg = Release|x64
		{837B0013-79F1-4DBD-90A1-308D263F3D79}.Release|x64.Build.0 = Release|x64
		{837B0013-79F1-4DBD-90A1-308D263F3D79}.Release|x86.ActiveCfg = Release|Win32
		{837B0013-79F1-4DBD-90A1-308D263F3D79}.Release|x86.Build.0 = Release|Win32
		{F61FE809-A220-497A-AE81-8A2BCA3CDD61}.Debug|x64.ActiveCfg = Debug|x64
		{F61FE809-A220-497A-AE81-8A2BCA3CDD61}.Debug|x64.Build.0 = Debug|x64
		{F61FE809-A220-497A-AE81-8A2BCA3CDD61}.Debug|x86.ActiveCfg = Debug|Win32
		{F61FE809-A220-497A-AE81-8A2BCA3CDD61}.Debug|x86.Build.0 = Debug|Win32
		{F61FE809-A220-497A-AE81-8A2BCA3CDD61}.Release|x64.ActiveCfg = Release|x64
		{F61FE809-A220-497A-AE81-8A2BCA3CDD61}.Release|x64.Build.0 = Release|x64
		{F61FE809-A220-497A-AE81-8A2BCA3CDD61}.Release|x86.ActiveCfg = Release|Win32
		{F61FE809-A220-497A-AE81-8A2BCA3CDD61}.Release|x86.Build.0 = Release|Win32
		{42905E05-171D-47D2-989F-9AB6C041E014}.Debug|x64.ActiveCfg = Debug|x64
		{42905E05-171D-47D2-989F-9AB6C041E014}.Debug|x64.Build.0 = Debug|x64
		{42905E05-171D-47D2-989F-9AB6C041E014}.Debug|x86.ActiveCfg = Debug|Win32
		{42905E05-171D-47D2-989F-9AB6C041E014}.Debug|x86.Build.0 = Debug|Win32
		{42905E05-171D-47D2-989F-9AB6C041E014}.Release|x64.ActiveCfg = Release|x64
		{42905E05-171D-47D2-989F-9AB6C041E014}.Release|x64.Build.0 = Release|x64
		{42905E05-171D-47D2-989F-9AB6C041E014}.Release|x86.ActiveCfg = Release|Win32
		{42905E05-171D-47D2-989F-9AB6C041E014}.Release|x86.Build.0 = Release|Win32
	EndGlobalSection
	GlobalSection(SolutionProperties) = preSolution
		HideSolutionNode = FALSE
	EndGlobalSection
	GlobalSection(ExtensibilityGlobals) = postSolution
		SolutionGuid = {C49ACFD5-8B74-442C-9140-F4744311A760}
	EndGlobalSection
EndGlobal
